// !$*UTF8*$!
{
	archiveVersion = 1;
	classes = {
	};
	objectVersion = 55;
	objects = {

/* Begin PBXBuildFile section */
		0DEC1FA74E4D854D1927D81C /* Pods_BurritoBistro_BurritoBistroUITests.framework in Frameworks */ = {isa = PBXBuildFile; fileRef = D7A61832BA437E8CE2208A1B /* Pods_BurritoBistro_BurritoBistroUITests.framework */; };
		56E01E592AF09F160BF6B60B /* Pods_BurritoBistroTests.framework in Frameworks */ = {isa = PBXBuildFile; fileRef = 51A7528B2FFBC8D02AF6CF74 /* Pods_BurritoBistroTests.framework */; };
		6486D51F3C465E17EF9C6476 /* Pods_BurritoBistro.framework in Frameworks */ = {isa = PBXBuildFile; fileRef = 5A51C9903DF971BD9AB33C0E /* Pods_BurritoBistro.framework */; };
		CB1455C82A5A944E00378EE4 /* GoogleService-Info.plist in Resources */ = {isa = PBXBuildFile; fileRef = CB1455C72A5A944E00378EE4 /* GoogleService-Info.plist */; };
		CB1455C92A5A944E00378EE4 /* GoogleService-Info.plist in Resources */ = {isa = PBXBuildFile; fileRef = CB1455C72A5A944E00378EE4 /* GoogleService-Info.plist */; };
		CB1455CA2A5A944E00378EE4 /* GoogleService-Info.plist in Resources */ = {isa = PBXBuildFile; fileRef = CB1455C72A5A944E00378EE4 /* GoogleService-Info.plist */; };
		CB1D680A2A6A43020018962E /* CookView.swift in Sources */ = {isa = PBXBuildFile; fileRef = CB1D68092A6A43020018962E /* CookView.swift */; };
		CB1D68102A6A500F0018962E /* CookDBSOrders.swift in Sources */ = {isa = PBXBuildFile; fileRef = CB1D680F2A6A500F0018962E /* CookDBSOrders.swift */; };
		CB2BA2A32A3D3AAE00CBAF22 /* CartModel.swift in Sources */ = {isa = PBXBuildFile; fileRef = CB2BA2A22A3D3AAE00CBAF22 /* CartModel.swift */; };
		CB2BA2A92A3ED35000CBAF22 /* OrdersModel.swift in Sources */ = {isa = PBXBuildFile; fileRef = CB2BA2A82A3ED35000CBAF22 /* OrdersModel.swift */; };
		CB2BA2AB2A3ED35C00CBAF22 /* OrdersViewModel.swift in Sources */ = {isa = PBXBuildFile; fileRef = CB2BA2AA2A3ED35C00CBAF22 /* OrdersViewModel.swift */; };
		CB2BA2AD2A3ED36600CBAF22 /* OrdersView.swift in Sources */ = {isa = PBXBuildFile; fileRef = CB2BA2AC2A3ED36600CBAF22 /* OrdersView.swift */; };
		CB61C1862A1F0D140088607E /* CartView.swift in Sources */ = {isa = PBXBuildFile; fileRef = CB61C1852A1F0D140088607E /* CartView.swift */; };
		CB6E90452A3C0657008EF8EE /* FirebaseAnalyticsWithoutAdIdSupport in Frameworks */ = {isa = PBXBuildFile; productRef = CB6E90442A3C0657008EF8EE /* FirebaseAnalyticsWithoutAdIdSupport */; };
		CB6E90472A3C0657008EF8EE /* FirebaseAppCheck in Frameworks */ = {isa = PBXBuildFile; productRef = CB6E90462A3C0657008EF8EE /* FirebaseAppCheck */; };
		CB6E90492A3C0657008EF8EE /* FirebaseAuth in Frameworks */ = {isa = PBXBuildFile; productRef = CB6E90482A3C0657008EF8EE /* FirebaseAuth */; };
		CB6E904B2A3C0657008EF8EE /* FirebaseAuthCombine-Community in Frameworks */ = {isa = PBXBuildFile; productRef = CB6E904A2A3C0657008EF8EE /* FirebaseAuthCombine-Community */; };
		CB6E904D2A3C0657008EF8EE /* FirebaseCrashlytics in Frameworks */ = {isa = PBXBuildFile; productRef = CB6E904C2A3C0657008EF8EE /* FirebaseCrashlytics */; };
		CB6E904F2A3C0657008EF8EE /* FirebaseDatabase in Frameworks */ = {isa = PBXBuildFile; productRef = CB6E904E2A3C0657008EF8EE /* FirebaseDatabase */; };
		CB6E90512A3C0657008EF8EE /* FirebaseDatabaseSwift in Frameworks */ = {isa = PBXBuildFile; productRef = CB6E90502A3C0657008EF8EE /* FirebaseDatabaseSwift */; };
		CB6E90532A3C0657008EF8EE /* FirebaseDynamicLinks in Frameworks */ = {isa = PBXBuildFile; productRef = CB6E90522A3C0657008EF8EE /* FirebaseDynamicLinks */; };
		CB6E90552A3C0657008EF8EE /* FirebaseFunctions in Frameworks */ = {isa = PBXBuildFile; productRef = CB6E90542A3C0657008EF8EE /* FirebaseFunctions */; };
		CB6E90572A3C0657008EF8EE /* FirebaseFunctionsCombine-Community in Frameworks */ = {isa = PBXBuildFile; productRef = CB6E90562A3C0657008EF8EE /* FirebaseFunctionsCombine-Community */; };
		CB6E90592A3C0657008EF8EE /* FirebaseInAppMessaging-Beta in Frameworks */ = {isa = PBXBuildFile; productRef = CB6E90582A3C0657008EF8EE /* FirebaseInAppMessaging-Beta */; };
		CB6E905B2A3C0657008EF8EE /* FirebaseInAppMessagingSwift-Beta in Frameworks */ = {isa = PBXBuildFile; productRef = CB6E905A2A3C0657008EF8EE /* FirebaseInAppMessagingSwift-Beta */; };
		CB6E905D2A3C0657008EF8EE /* FirebaseInstallations in Frameworks */ = {isa = PBXBuildFile; productRef = CB6E905C2A3C0657008EF8EE /* FirebaseInstallations */; };
		CB6E905F2A3C0657008EF8EE /* FirebaseMLModelDownloader in Frameworks */ = {isa = PBXBuildFile; productRef = CB6E905E2A3C0657008EF8EE /* FirebaseMLModelDownloader */; };
		CB6E90612A3C0657008EF8EE /* FirebaseMessaging in Frameworks */ = {isa = PBXBuildFile; productRef = CB6E90602A3C0657008EF8EE /* FirebaseMessaging */; };
		CB6E90632A3C0657008EF8EE /* FirebasePerformance in Frameworks */ = {isa = PBXBuildFile; productRef = CB6E90622A3C0657008EF8EE /* FirebasePerformance */; };
		CB6E90652A3C0657008EF8EE /* FirebaseRemoteConfig in Frameworks */ = {isa = PBXBuildFile; productRef = CB6E90642A3C0657008EF8EE /* FirebaseRemoteConfig */; };
		CB6E90672A3C0657008EF8EE /* FirebaseRemoteConfigSwift in Frameworks */ = {isa = PBXBuildFile; productRef = CB6E90662A3C0657008EF8EE /* FirebaseRemoteConfigSwift */; };
		CB6E90692A3C0657008EF8EE /* FirebaseStorage in Frameworks */ = {isa = PBXBuildFile; productRef = CB6E90682A3C0657008EF8EE /* FirebaseStorage */; };
		CB6E906B2A3C0657008EF8EE /* FirebaseStorageCombine-Community in Frameworks */ = {isa = PBXBuildFile; productRef = CB6E906A2A3C0657008EF8EE /* FirebaseStorageCombine-Community */; };
		CB6E906E2A3C2D08008EF8EE /* FirebaseFirestore in Frameworks */ = {isa = PBXBuildFile; productRef = CB6E906D2A3C2D08008EF8EE /* FirebaseFirestore */; };
		CB6E90702A3C2D08008EF8EE /* FirebaseFirestoreCombine-Community in Frameworks */ = {isa = PBXBuildFile; productRef = CB6E906F2A3C2D08008EF8EE /* FirebaseFirestoreCombine-Community */; };
		CB6E90722A3C2D09008EF8EE /* FirebaseFirestoreSwift in Frameworks */ = {isa = PBXBuildFile; productRef = CB6E90712A3C2D09008EF8EE /* FirebaseFirestoreSwift */; };
		CB6E90742A3C34AA008EF8EE /* AuthManager.swift in Sources */ = {isa = PBXBuildFile; fileRef = CB6E90732A3C34AA008EF8EE /* AuthManager.swift */; };
		CB6E90752A3C34AA008EF8EE /* AuthManager.swift in Sources */ = {isa = PBXBuildFile; fileRef = CB6E90732A3C34AA008EF8EE /* AuthManager.swift */; };
		CB6E90762A3C34AA008EF8EE /* AuthManager.swift in Sources */ = {isa = PBXBuildFile; fileRef = CB6E90732A3C34AA008EF8EE /* AuthManager.swift */; };
		CB6E90782A3C3E66008EF8EE /* Profile.swift in Sources */ = {isa = PBXBuildFile; fileRef = CB6E90772A3C3E66008EF8EE /* Profile.swift */; };
		CB6E90792A3C3E66008EF8EE /* Profile.swift in Sources */ = {isa = PBXBuildFile; fileRef = CB6E90772A3C3E66008EF8EE /* Profile.swift */; };
		CB6E907A2A3C3E66008EF8EE /* Profile.swift in Sources */ = {isa = PBXBuildFile; fileRef = CB6E90772A3C3E66008EF8EE /* Profile.swift */; };
		CB6E907C2A3C47E7008EF8EE /* MainFlow.swift in Sources */ = {isa = PBXBuildFile; fileRef = CB6E907B2A3C47E7008EF8EE /* MainFlow.swift */; };
		CB6E907D2A3C47E7008EF8EE /* MainFlow.swift in Sources */ = {isa = PBXBuildFile; fileRef = CB6E907B2A3C47E7008EF8EE /* MainFlow.swift */; };
		CB6E907E2A3C47E7008EF8EE /* MainFlow.swift in Sources */ = {isa = PBXBuildFile; fileRef = CB6E907B2A3C47E7008EF8EE /* MainFlow.swift */; };
		CB6E90812A3C50D0008EF8EE /* Settings.swift in Sources */ = {isa = PBXBuildFile; fileRef = CB6E90802A3C50D0008EF8EE /* Settings.swift */; };
		CB6E90822A3C50D0008EF8EE /* Settings.swift in Sources */ = {isa = PBXBuildFile; fileRef = CB6E90802A3C50D0008EF8EE /* Settings.swift */; };
		CB6E90832A3C50D0008EF8EE /* Settings.swift in Sources */ = {isa = PBXBuildFile; fileRef = CB6E90802A3C50D0008EF8EE /* Settings.swift */; };
		CB929D402AD8CEAB003736E7 /* AWSLambda in Frameworks */ = {isa = PBXBuildFile; productRef = CB929D3F2AD8CEAB003736E7 /* AWSLambda */; };
		CB9FAA162A18541F00E0CDFC /* OffsetMod.swift in Sources */ = {isa = PBXBuildFile; fileRef = CB9FAA152A18541F00E0CDFC /* OffsetMod.swift */; };
		CB9FAA192A186CD500E0CDFC /* MenuItems.swift in Sources */ = {isa = PBXBuildFile; fileRef = CB9FAA182A186CD500E0CDFC /* MenuItems.swift */; };
		CBA161A529C30377009699F8 /* SignIn.swift in Sources */ = {isa = PBXBuildFile; fileRef = CBA161A429C30377009699F8 /* SignIn.swift */; };
		CBA161A829C468ED009699F8 /* MainMenuView.swift in Sources */ = {isa = PBXBuildFile; fileRef = CBA161A729C468ED009699F8 /* MainMenuView.swift */; };
		CBA161AA29C57FA4009699F8 /* HalfBubble.swift in Sources */ = {isa = PBXBuildFile; fileRef = CBA161A929C57FA4009699F8 /* HalfBubble.swift */; };
		CBAEE0A12A76295C0091975E /* Stripe.swift in Sources */ = {isa = PBXBuildFile; fileRef = CBAEE0A02A76295C0091975E /* Stripe.swift */; };
		CBAEE0A22A76295C0091975E /* Stripe.swift in Sources */ = {isa = PBXBuildFile; fileRef = CBAEE0A02A76295C0091975E /* Stripe.swift */; };
		CBAEE0A32A76295C0091975E /* Stripe.swift in Sources */ = {isa = PBXBuildFile; fileRef = CBAEE0A02A76295C0091975E /* Stripe.swift */; };
		CBC8DC402A2ABA7700C28CA7 /* IngredientOptionsView.swift in Sources */ = {isa = PBXBuildFile; fileRef = CBC8DC3F2A2ABA7700C28CA7 /* IngredientOptionsView.swift */; };
		CBCE3DDA2A47E77000C345E5 /* FetchOrderData.swift in Sources */ = {isa = PBXBuildFile; fileRef = CBCE3DD92A47E77000C345E5 /* FetchOrderData.swift */; };
		CBCFAE0329A3101F00BD2B2A /* ConcaveConvexTop.swift in Sources */ = {isa = PBXBuildFile; fileRef = CBCFAE0229A3101F00BD2B2A /* ConcaveConvexTop.swift */; };
		CBDB27262989B1390044BA10 /* BurritoBistroApp.swift in Sources */ = {isa = PBXBuildFile; fileRef = CBDB27252989B1390044BA10 /* BurritoBistroApp.swift */; };
		CBDB27282989B1390044BA10 /* SignUp.swift in Sources */ = {isa = PBXBuildFile; fileRef = CBDB27272989B1390044BA10 /* SignUp.swift */; };
		CBDB272A2989B1390044BA10 /* Assets.xcassets in Resources */ = {isa = PBXBuildFile; fileRef = CBDB27292989B1390044BA10 /* Assets.xcassets */; };
		CBDB272D2989B1390044BA10 /* Preview Assets.xcassets in Resources */ = {isa = PBXBuildFile; fileRef = CBDB272C2989B1390044BA10 /* Preview Assets.xcassets */; };
		CBDB27372989B1390044BA10 /* BurritoBistroTests.swift in Sources */ = {isa = PBXBuildFile; fileRef = CBDB27362989B1390044BA10 /* BurritoBistroTests.swift */; };
		CBDB27412989B1390044BA10 /* BurritoBistroUITests.swift in Sources */ = {isa = PBXBuildFile; fileRef = CBDB27402989B1390044BA10 /* BurritoBistroUITests.swift */; };
		CBDB27432989B1390044BA10 /* BurritoBistroUITestsLaunchTests.swift in Sources */ = {isa = PBXBuildFile; fileRef = CBDB27422989B1390044BA10 /* BurritoBistroUITestsLaunchTests.swift */; };
/* End PBXBuildFile section */

/* Begin PBXContainerItemProxy section */
		CBDB27332989B1390044BA10 /* PBXContainerItemProxy */ = {
			isa = PBXContainerItemProxy;
			containerPortal = CBDB271A2989B1390044BA10 /* Project object */;
			proxyType = 1;
			remoteGlobalIDString = CBDB27212989B1390044BA10;
			remoteInfo = BurritoBistro;
		};
		CBDB273D2989B1390044BA10 /* PBXContainerItemProxy */ = {
			isa = PBXContainerItemProxy;
			containerPortal = CBDB271A2989B1390044BA10 /* Project object */;
			proxyType = 1;
			remoteGlobalIDString = CBDB27212989B1390044BA10;
			remoteInfo = BurritoBistro;
		};
/* End PBXContainerItemProxy section */

/* Begin PBXFileReference section */
		23D5FB0F4E5BE6687421B4CE /* Pods-BurritoBistroTests.release.xcconfig */ = {isa = PBXFileReference; includeInIndex = 1; lastKnownFileType = text.xcconfig; name = "Pods-BurritoBistroTests.release.xcconfig"; path = "Target Support Files/Pods-BurritoBistroTests/Pods-BurritoBistroTests.release.xcconfig"; sourceTree = "<group>"; };
		32C61F6C26D4A01339DB11BC /* Pods-BurritoBistro-BurritoBistroUITests.debug.xcconfig */ = {isa = PBXFileReference; includeInIndex = 1; lastKnownFileType = text.xcconfig; name = "Pods-BurritoBistro-BurritoBistroUITests.debug.xcconfig"; path = "Target Support Files/Pods-BurritoBistro-BurritoBistroUITests/Pods-BurritoBistro-BurritoBistroUITests.debug.xcconfig"; sourceTree = "<group>"; };
		361991900C862F545DEBC3DA /* Pods-BurritoBistro.debug.xcconfig */ = {isa = PBXFileReference; includeInIndex = 1; lastKnownFileType = text.xcconfig; name = "Pods-BurritoBistro.debug.xcconfig"; path = "Target Support Files/Pods-BurritoBistro/Pods-BurritoBistro.debug.xcconfig"; sourceTree = "<group>"; };
		51A7528B2FFBC8D02AF6CF74 /* Pods_BurritoBistroTests.framework */ = {isa = PBXFileReference; explicitFileType = wrapper.framework; includeInIndex = 0; path = Pods_BurritoBistroTests.framework; sourceTree = BUILT_PRODUCTS_DIR; };
		5A51C9903DF971BD9AB33C0E /* Pods_BurritoBistro.framework */ = {isa = PBXFileReference; explicitFileType = wrapper.framework; includeInIndex = 0; path = Pods_BurritoBistro.framework; sourceTree = BUILT_PRODUCTS_DIR; };
		86ECD083B0C3C4B46031C858 /* Pods-BurritoBistroTests.debug.xcconfig */ = {isa = PBXFileReference; includeInIndex = 1; lastKnownFileType = text.xcconfig; name = "Pods-BurritoBistroTests.debug.xcconfig"; path = "Target Support Files/Pods-BurritoBistroTests/Pods-BurritoBistroTests.debug.xcconfig"; sourceTree = "<group>"; };
		8B1498237BD94E48D054F806 /* Pods-BurritoBistro-BurritoBistroUITests.release.xcconfig */ = {isa = PBXFileReference; includeInIndex = 1; lastKnownFileType = text.xcconfig; name = "Pods-BurritoBistro-BurritoBistroUITests.release.xcconfig"; path = "Target Support Files/Pods-BurritoBistro-BurritoBistroUITests/Pods-BurritoBistro-BurritoBistroUITests.release.xcconfig"; sourceTree = "<group>"; };
		C3B3BB5060285CC2C66688FB /* Pods-BurritoBistro.release.xcconfig */ = {isa = PBXFileReference; includeInIndex = 1; lastKnownFileType = text.xcconfig; name = "Pods-BurritoBistro.release.xcconfig"; path = "Target Support Files/Pods-BurritoBistro/Pods-BurritoBistro.release.xcconfig"; sourceTree = "<group>"; };
		CB1455C72A5A944E00378EE4 /* GoogleService-Info.plist */ = {isa = PBXFileReference; fileEncoding = 4; lastKnownFileType = text.plist.xml; path = "GoogleService-Info.plist"; sourceTree = "<group>"; };
		CB1D68092A6A43020018962E /* CookView.swift */ = {isa = PBXFileReference; lastKnownFileType = sourcecode.swift; path = CookView.swift; sourceTree = "<group>"; };
		CB1D680F2A6A500F0018962E /* CookDBSOrders.swift */ = {isa = PBXFileReference; lastKnownFileType = sourcecode.swift; path = CookDBSOrders.swift; sourceTree = "<group>"; };
		CB2BA2A22A3D3AAE00CBAF22 /* CartModel.swift */ = {isa = PBXFileReference; lastKnownFileType = sourcecode.swift; path = CartModel.swift; sourceTree = "<group>"; };
		CB2BA2A82A3ED35000CBAF22 /* OrdersModel.swift */ = {isa = PBXFileReference; lastKnownFileType = sourcecode.swift; path = OrdersModel.swift; sourceTree = "<group>"; };
		CB2BA2AA2A3ED35C00CBAF22 /* OrdersViewModel.swift */ = {isa = PBXFileReference; lastKnownFileType = sourcecode.swift; path = OrdersViewModel.swift; sourceTree = "<group>"; };
		CB2BA2AC2A3ED36600CBAF22 /* OrdersView.swift */ = {isa = PBXFileReference; lastKnownFileType = sourcecode.swift; path = OrdersView.swift; sourceTree = "<group>"; };
		CB61C1852A1F0D140088607E /* CartView.swift */ = {isa = PBXFileReference; lastKnownFileType = sourcecode.swift; path = CartView.swift; sourceTree = "<group>"; };
		CB6E90732A3C34AA008EF8EE /* AuthManager.swift */ = {isa = PBXFileReference; lastKnownFileType = sourcecode.swift; path = AuthManager.swift; sourceTree = "<group>"; };
		CB6E90772A3C3E66008EF8EE /* Profile.swift */ = {isa = PBXFileReference; lastKnownFileType = sourcecode.swift; path = Profile.swift; sourceTree = "<group>"; };
		CB6E907B2A3C47E7008EF8EE /* MainFlow.swift */ = {isa = PBXFileReference; lastKnownFileType = sourcecode.swift; path = MainFlow.swift; sourceTree = "<group>"; };
		CB6E90802A3C50D0008EF8EE /* Settings.swift */ = {isa = PBXFileReference; lastKnownFileType = sourcecode.swift; path = Settings.swift; sourceTree = "<group>"; };
		CB9FAA152A18541F00E0CDFC /* OffsetMod.swift */ = {isa = PBXFileReference; lastKnownFileType = sourcecode.swift; path = OffsetMod.swift; sourceTree = "<group>"; };
		CB9FAA182A186CD500E0CDFC /* MenuItems.swift */ = {isa = PBXFileReference; lastKnownFileType = sourcecode.swift; path = MenuItems.swift; sourceTree = "<group>"; };
		CBA161A429C30377009699F8 /* SignIn.swift */ = {isa = PBXFileReference; lastKnownFileType = sourcecode.swift; path = SignIn.swift; sourceTree = "<group>"; };
		CBA161A729C468ED009699F8 /* MainMenuView.swift */ = {isa = PBXFileReference; lastKnownFileType = sourcecode.swift; path = MainMenuView.swift; sourceTree = "<group>"; };
		CBA161A929C57FA4009699F8 /* HalfBubble.swift */ = {isa = PBXFileReference; lastKnownFileType = sourcecode.swift; path = HalfBubble.swift; sourceTree = "<group>"; };
		CBAEE0A02A76295C0091975E /* Stripe.swift */ = {isa = PBXFileReference; lastKnownFileType = sourcecode.swift; path = Stripe.swift; sourceTree = "<group>"; };
		CBC8DC3F2A2ABA7700C28CA7 /* IngredientOptionsView.swift */ = {isa = PBXFileReference; lastKnownFileType = sourcecode.swift; path = IngredientOptionsView.swift; sourceTree = "<group>"; };
		CBCE3DD92A47E77000C345E5 /* FetchOrderData.swift */ = {isa = PBXFileReference; lastKnownFileType = sourcecode.swift; path = FetchOrderData.swift; sourceTree = "<group>"; };
		CBCFAE0229A3101F00BD2B2A /* ConcaveConvexTop.swift */ = {isa = PBXFileReference; lastKnownFileType = sourcecode.swift; path = ConcaveConvexTop.swift; sourceTree = "<group>"; };
		CBDB27222989B1390044BA10 /* BurritoBistro.app */ = {isa = PBXFileReference; explicitFileType = wrapper.application; includeInIndex = 0; path = BurritoBistro.app; sourceTree = BUILT_PRODUCTS_DIR; };
		CBDB27252989B1390044BA10 /* BurritoBistroApp.swift */ = {isa = PBXFileReference; lastKnownFileType = sourcecode.swift; path = BurritoBistroApp.swift; sourceTree = "<group>"; };
		CBDB27272989B1390044BA10 /* SignUp.swift */ = {isa = PBXFileReference; lastKnownFileType = sourcecode.swift; path = SignUp.swift; sourceTree = "<group>"; };
		CBDB27292989B1390044BA10 /* Assets.xcassets */ = {isa = PBXFileReference; lastKnownFileType = folder.assetcatalog; path = Assets.xcassets; sourceTree = "<group>"; };
		CBDB272C2989B1390044BA10 /* Preview Assets.xcassets */ = {isa = PBXFileReference; lastKnownFileType = folder.assetcatalog; path = "Preview Assets.xcassets"; sourceTree = "<group>"; };
		CBDB27322989B1390044BA10 /* BurritoBistroTests.xctest */ = {isa = PBXFileReference; explicitFileType = wrapper.cfbundle; includeInIndex = 0; path = BurritoBistroTests.xctest; sourceTree = BUILT_PRODUCTS_DIR; };
		CBDB27362989B1390044BA10 /* BurritoBistroTests.swift */ = {isa = PBXFileReference; lastKnownFileType = sourcecode.swift; path = BurritoBistroTests.swift; sourceTree = "<group>"; };
		CBDB273C2989B1390044BA10 /* BurritoBistroUITests.xctest */ = {isa = PBXFileReference; explicitFileType = wrapper.cfbundle; includeInIndex = 0; path = BurritoBistroUITests.xctest; sourceTree = BUILT_PRODUCTS_DIR; };
		CBDB27402989B1390044BA10 /* BurritoBistroUITests.swift */ = {isa = PBXFileReference; lastKnownFileType = sourcecode.swift; path = BurritoBistroUITests.swift; sourceTree = "<group>"; };
		CBDB27422989B1390044BA10 /* BurritoBistroUITestsLaunchTests.swift */ = {isa = PBXFileReference; lastKnownFileType = sourcecode.swift; path = BurritoBistroUITestsLaunchTests.swift; sourceTree = "<group>"; };
		D7A61832BA437E8CE2208A1B /* Pods_BurritoBistro_BurritoBistroUITests.framework */ = {isa = PBXFileReference; explicitFileType = wrapper.framework; includeInIndex = 0; path = Pods_BurritoBistro_BurritoBistroUITests.framework; sourceTree = BUILT_PRODUCTS_DIR; };
/* End PBXFileReference section */

/* Begin PBXFrameworksBuildPhase section */
		CBDB271F2989B1390044BA10 /* Frameworks */ = {
			isa = PBXFrameworksBuildPhase;
			buildActionMask = 2147483647;
			files = (
				CB6E90512A3C0657008EF8EE /* FirebaseDatabaseSwift in Frameworks */,
				CB6E904F2A3C0657008EF8EE /* FirebaseDatabase in Frameworks */,
				CB6E906B2A3C0657008EF8EE /* FirebaseStorageCombine-Community in Frameworks */,
				CB6E905D2A3C0657008EF8EE /* FirebaseInstallations in Frameworks */,
				CB6E90672A3C0657008EF8EE /* FirebaseRemoteConfigSwift in Frameworks */,
				CB6E90702A3C2D08008EF8EE /* FirebaseFirestoreCombine-Community in Frameworks */,
				CB929D402AD8CEAB003736E7 /* AWSLambda in Frameworks */,
				CB6E90472A3C0657008EF8EE /* FirebaseAppCheck in Frameworks */,
				CB6E90652A3C0657008EF8EE /* FirebaseRemoteConfig in Frameworks */,
				CB6E90572A3C0657008EF8EE /* FirebaseFunctionsCombine-Community in Frameworks */,
				CB6E90552A3C0657008EF8EE /* FirebaseFunctions in Frameworks */,
				CB6E90632A3C0657008EF8EE /* FirebasePerformance in Frameworks */,
				CB6E90692A3C0657008EF8EE /* FirebaseStorage in Frameworks */,
				CB6E90532A3C0657008EF8EE /* FirebaseDynamicLinks in Frameworks */,
				CB6E90592A3C0657008EF8EE /* FirebaseInAppMessaging-Beta in Frameworks */,
				CB6E90722A3C2D09008EF8EE /* FirebaseFirestoreSwift in Frameworks */,
				CB6E90492A3C0657008EF8EE /* FirebaseAuth in Frameworks */,
				CB6E904D2A3C0657008EF8EE /* FirebaseCrashlytics in Frameworks */,
				CB6E90452A3C0657008EF8EE /* FirebaseAnalyticsWithoutAdIdSupport in Frameworks */,
				CB6E905B2A3C0657008EF8EE /* FirebaseInAppMessagingSwift-Beta in Frameworks */,
				CB6E90612A3C0657008EF8EE /* FirebaseMessaging in Frameworks */,
				CB6E904B2A3C0657008EF8EE /* FirebaseAuthCombine-Community in Frameworks */,
				CB6E905F2A3C0657008EF8EE /* FirebaseMLModelDownloader in Frameworks */,
				CB6E906E2A3C2D08008EF8EE /* FirebaseFirestore in Frameworks */,
				6486D51F3C465E17EF9C6476 /* Pods_BurritoBistro.framework in Frameworks */,
			);
			runOnlyForDeploymentPostprocessing = 0;
		};
		CBDB272F2989B1390044BA10 /* Frameworks */ = {
			isa = PBXFrameworksBuildPhase;
			buildActionMask = 2147483647;
			files = (
				56E01E592AF09F160BF6B60B /* Pods_BurritoBistroTests.framework in Frameworks */,
			);
			runOnlyForDeploymentPostprocessing = 0;
		};
		CBDB27392989B1390044BA10 /* Frameworks */ = {
			isa = PBXFrameworksBuildPhase;
			buildActionMask = 2147483647;
			files = (
				0DEC1FA74E4D854D1927D81C /* Pods_BurritoBistro_BurritoBistroUITests.framework in Frameworks */,
			);
			runOnlyForDeploymentPostprocessing = 0;
		};
/* End PBXFrameworksBuildPhase section */

/* Begin PBXGroup section */
		86FD6A9A25C9A5F7CAE6FD7D /* Pods */ = {
			isa = PBXGroup;
			children = (
				361991900C862F545DEBC3DA /* Pods-BurritoBistro.debug.xcconfig */,
				C3B3BB5060285CC2C66688FB /* Pods-BurritoBistro.release.xcconfig */,
				32C61F6C26D4A01339DB11BC /* Pods-BurritoBistro-BurritoBistroUITests.debug.xcconfig */,
				8B1498237BD94E48D054F806 /* Pods-BurritoBistro-BurritoBistroUITests.release.xcconfig */,
				86ECD083B0C3C4B46031C858 /* Pods-BurritoBistroTests.debug.xcconfig */,
				23D5FB0F4E5BE6687421B4CE /* Pods-BurritoBistroTests.release.xcconfig */,
			);
			path = Pods;
			sourceTree = "<group>";
		};
		CB1D68062A6A425B0018962E /* DriverFlow */ = {
			isa = PBXGroup;
			children = (
			);
			path = DriverFlow;
			sourceTree = "<group>";
		};
		CB1D68072A6A42640018962E /* CookFlow */ = {
			isa = PBXGroup;
			children = (
				CB1D68092A6A43020018962E /* CookView.swift */,
				CB1D680F2A6A500F0018962E /* CookDBSOrders.swift */,
			);
			path = CookFlow;
			sourceTree = "<group>";
		};
		CB2BA2A42A3DAFDC00CBAF22 /* OrderFlow */ = {
			isa = PBXGroup;
			children = (
				CBCE3DD82A47E6D800C345E5 /* Helpers */,
				CB2BA2A72A3EC11E00CBAF22 /* Orders */,
			);
			path = OrderFlow;
			sourceTree = "<group>";
		};
		CB2BA2A72A3EC11E00CBAF22 /* Orders */ = {
			isa = PBXGroup;
			children = (
				CB2BA2A82A3ED35000CBAF22 /* OrdersModel.swift */,
				CB2BA2AA2A3ED35C00CBAF22 /* OrdersViewModel.swift */,
				CB2BA2AC2A3ED36600CBAF22 /* OrdersView.swift */,
			);
			path = Orders;
			sourceTree = "<group>";
		};
		CB61C1842A1F0D030088607E /* Cart */ = {
			isa = PBXGroup;
			children = (
				CB61C1852A1F0D140088607E /* CartView.swift */,
				CBC8DC3F2A2ABA7700C28CA7 /* IngredientOptionsView.swift */,
				CB2BA2A22A3D3AAE00CBAF22 /* CartModel.swift */,
			);
			path = Cart;
			sourceTree = "<group>";
		};
		CB6E906C2A3C2D08008EF8EE /* Frameworks */ = {
			isa = PBXGroup;
			children = (
				5A51C9903DF971BD9AB33C0E /* Pods_BurritoBistro.framework */,
				D7A61832BA437E8CE2208A1B /* Pods_BurritoBistro_BurritoBistroUITests.framework */,
				51A7528B2FFBC8D02AF6CF74 /* Pods_BurritoBistroTests.framework */,
			);
			name = Frameworks;
			sourceTree = "<group>";
		};
		CB6E907F2A3C50C1008EF8EE /* Settings */ = {
			isa = PBXGroup;
			children = (
				CB6E90802A3C50D0008EF8EE /* Settings.swift */,
			);
			path = Settings;
			sourceTree = "<group>";
		};
		CB9FAA172A186A7200E0CDFC /* MainMenu */ = {
			isa = PBXGroup;
			children = (
				CBA161A729C468ED009699F8 /* MainMenuView.swift */,
				CB9FAA152A18541F00E0CDFC /* OffsetMod.swift */,
			);
			path = MainMenu;
			sourceTree = "<group>";
		};
		CBA161A629C30392009699F8 /* AuthFlow */ = {
			isa = PBXGroup;
			children = (
				CBA161A429C30377009699F8 /* SignIn.swift */,
				CBDB27272989B1390044BA10 /* SignUp.swift */,
				CB6E90732A3C34AA008EF8EE /* AuthManager.swift */,
				CB6E90772A3C3E66008EF8EE /* Profile.swift */,
			);
			path = AuthFlow;
			sourceTree = "<group>";
		};
		CBCE3DD82A47E6D800C345E5 /* Helpers */ = {
			isa = PBXGroup;
			children = (
				CBCE3DD92A47E77000C345E5 /* FetchOrderData.swift */,
			);
			path = Helpers;
			sourceTree = "<group>";
		};
		CBCFAE0129A30FF400BD2B2A /* ShapeAssets */ = {
			isa = PBXGroup;
			children = (
				CBCFAE0229A3101F00BD2B2A /* ConcaveConvexTop.swift */,
				CBA161A929C57FA4009699F8 /* HalfBubble.swift */,
			);
			path = ShapeAssets;
			sourceTree = "<group>";
		};
		CBDB27192989B1390044BA10 = {
			isa = PBXGroup;
			children = (
				CBAEE0A02A76295C0091975E /* Stripe.swift */,
				CB1455C72A5A944E00378EE4 /* GoogleService-Info.plist */,
				CBDB27242989B1390044BA10 /* BurritoBistro */,
				CBDB27352989B1390044BA10 /* BurritoBistroTests */,
				CBDB273F2989B1390044BA10 /* BurritoBistroUITests */,
				CBDB27232989B1390044BA10 /* Products */,
				CB6E906C2A3C2D08008EF8EE /* Frameworks */,
				86FD6A9A25C9A5F7CAE6FD7D /* Pods */,
			);
			sourceTree = "<group>";
		};
		CBDB27232989B1390044BA10 /* Products */ = {
			isa = PBXGroup;
			children = (
				CBDB27222989B1390044BA10 /* BurritoBistro.app */,
				CBDB27322989B1390044BA10 /* BurritoBistroTests.xctest */,
				CBDB273C2989B1390044BA10 /* BurritoBistroUITests.xctest */,
			);
			name = Products;
			sourceTree = "<group>";
		};
		CBDB27242989B1390044BA10 /* BurritoBistro */ = {
			isa = PBXGroup;
			children = (
				CB2BA2A42A3DAFDC00CBAF22 /* OrderFlow */,
				CB1D68072A6A42640018962E /* CookFlow */,
				CB1D68062A6A425B0018962E /* DriverFlow */,
				CB9FAA182A186CD500E0CDFC /* MenuItems.swift */,
				CB6E907F2A3C50C1008EF8EE /* Settings */,
				CB61C1842A1F0D030088607E /* Cart */,
				CB9FAA172A186A7200E0CDFC /* MainMenu */,
				CBA161A629C30392009699F8 /* AuthFlow */,
				CBCFAE0129A30FF400BD2B2A /* ShapeAssets */,
				CBDB27252989B1390044BA10 /* BurritoBistroApp.swift */,
				CB6E907B2A3C47E7008EF8EE /* MainFlow.swift */,
				CBDB27292989B1390044BA10 /* Assets.xcassets */,
				CBDB272B2989B1390044BA10 /* Preview Content */,
			);
			path = BurritoBistro;
			sourceTree = "<group>";
		};
		CBDB272B2989B1390044BA10 /* Preview Content */ = {
			isa = PBXGroup;
			children = (
				CBDB272C2989B1390044BA10 /* Preview Assets.xcassets */,
			);
			path = "Preview Content";
			sourceTree = "<group>";
		};
		CBDB27352989B1390044BA10 /* BurritoBistroTests */ = {
			isa = PBXGroup;
			children = (
				CBDB27362989B1390044BA10 /* BurritoBistroTests.swift */,
			);
			path = BurritoBistroTests;
			sourceTree = "<group>";
		};
		CBDB273F2989B1390044BA10 /* BurritoBistroUITests */ = {
			isa = PBXGroup;
			children = (
				CBDB27402989B1390044BA10 /* BurritoBistroUITests.swift */,
				CBDB27422989B1390044BA10 /* BurritoBistroUITestsLaunchTests.swift */,
			);
			path = BurritoBistroUITests;
			sourceTree = "<group>";
		};
/* End PBXGroup section */

/* Begin PBXNativeTarget section */
		CBDB27212989B1390044BA10 /* BurritoBistro */ = {
			isa = PBXNativeTarget;
			buildConfigurationList = CBDB27462989B1390044BA10 /* Build configuration list for PBXNativeTarget "BurritoBistro" */;
			buildPhases = (
				73B4DD6D56EECB6C91E13E7B /* [CP] Check Pods Manifest.lock */,
				CBDB271E2989B1390044BA10 /* Sources */,
				CBDB271F2989B1390044BA10 /* Frameworks */,
				CBDB27202989B1390044BA10 /* Resources */,
				E46586F5C375CF6ED08E46FA /* [CP] Embed Pods Frameworks */,
			);
			buildRules = (
			);
			dependencies = (
			);
			name = BurritoBistro;
			packageProductDependencies = (
				CB6E90442A3C0657008EF8EE /* FirebaseAnalyticsWithoutAdIdSupport */,
				CB6E90462A3C0657008EF8EE /* FirebaseAppCheck */,
				CB6E90482A3C0657008EF8EE /* FirebaseAuth */,
				CB6E904A2A3C0657008EF8EE /* FirebaseAuthCombine-Community */,
				CB6E904C2A3C0657008EF8EE /* FirebaseCrashlytics */,
				CB6E904E2A3C0657008EF8EE /* FirebaseDatabase */,
				CB6E90502A3C0657008EF8EE /* FirebaseDatabaseSwift */,
				CB6E90522A3C0657008EF8EE /* FirebaseDynamicLinks */,
				CB6E90542A3C0657008EF8EE /* FirebaseFunctions */,
				CB6E90562A3C0657008EF8EE /* FirebaseFunctionsCombine-Community */,
				CB6E90582A3C0657008EF8EE /* FirebaseInAppMessaging-Beta */,
				CB6E905A2A3C0657008EF8EE /* FirebaseInAppMessagingSwift-Beta */,
				CB6E905C2A3C0657008EF8EE /* FirebaseInstallations */,
				CB6E905E2A3C0657008EF8EE /* FirebaseMLModelDownloader */,
				CB6E90602A3C0657008EF8EE /* FirebaseMessaging */,
				CB6E90622A3C0657008EF8EE /* FirebasePerformance */,
				CB6E90642A3C0657008EF8EE /* FirebaseRemoteConfig */,
				CB6E90662A3C0657008EF8EE /* FirebaseRemoteConfigSwift */,
				CB6E90682A3C0657008EF8EE /* FirebaseStorage */,
				CB6E906A2A3C0657008EF8EE /* FirebaseStorageCombine-Community */,
				CB6E906D2A3C2D08008EF8EE /* FirebaseFirestore */,
				CB6E906F2A3C2D08008EF8EE /* FirebaseFirestoreCombine-Community */,
				CB6E90712A3C2D09008EF8EE /* FirebaseFirestoreSwift */,
				CB929D3F2AD8CEAB003736E7 /* AWSLambda */,
			);
			productName = BurritoBistro;
			productReference = CBDB27222989B1390044BA10 /* BurritoBistro.app */;
			productType = "com.apple.product-type.application";
		};
		CBDB27312989B1390044BA10 /* BurritoBistroTests */ = {
			isa = PBXNativeTarget;
			buildConfigurationList = CBDB27492989B1390044BA10 /* Build configuration list for PBXNativeTarget "BurritoBistroTests" */;
			buildPhases = (
				A1CD127D7D4ABBC61B248C2C /* [CP] Check Pods Manifest.lock */,
				CBDB272E2989B1390044BA10 /* Sources */,
				CBDB272F2989B1390044BA10 /* Frameworks */,
				CBDB27302989B1390044BA10 /* Resources */,
			);
			buildRules = (
			);
			dependencies = (
				CBDB27342989B1390044BA10 /* PBXTargetDependency */,
			);
			name = BurritoBistroTests;
			productName = BurritoBistroTests;
			productReference = CBDB27322989B1390044BA10 /* BurritoBistroTests.xctest */;
			productType = "com.apple.product-type.bundle.unit-test";
		};
		CBDB273B2989B1390044BA10 /* BurritoBistroUITests */ = {
			isa = PBXNativeTarget;
			buildConfigurationList = CBDB274C2989B1390044BA10 /* Build configuration list for PBXNativeTarget "BurritoBistroUITests" */;
			buildPhases = (
				4B7C1497768E65503AFF5C22 /* [CP] Check Pods Manifest.lock */,
				CBDB27382989B1390044BA10 /* Sources */,
				CBDB27392989B1390044BA10 /* Frameworks */,
				CBDB273A2989B1390044BA10 /* Resources */,
				09093CBC8C6D681410809DD2 /* [CP] Embed Pods Frameworks */,
			);
			buildRules = (
			);
			dependencies = (
				CBDB273E2989B1390044BA10 /* PBXTargetDependency */,
			);
			name = BurritoBistroUITests;
			productName = BurritoBistroUITests;
			productReference = CBDB273C2989B1390044BA10 /* BurritoBistroUITests.xctest */;
			productType = "com.apple.product-type.bundle.ui-testing";
		};
/* End PBXNativeTarget section */

/* Begin PBXProject section */
		CBDB271A2989B1390044BA10 /* Project object */ = {
			isa = PBXProject;
			attributes = {
				BuildIndependentTargetsInParallel = 1;
				LastSwiftUpdateCheck = 1340;
				LastUpgradeCheck = 1340;
				TargetAttributes = {
					CBDB27212989B1390044BA10 = {
						CreatedOnToolsVersion = 13.4.1;
					};
					CBDB27312989B1390044BA10 = {
						CreatedOnToolsVersion = 13.4.1;
						TestTargetID = CBDB27212989B1390044BA10;
					};
					CBDB273B2989B1390044BA10 = {
						CreatedOnToolsVersion = 13.4.1;
						TestTargetID = CBDB27212989B1390044BA10;
					};
				};
			};
			buildConfigurationList = CBDB271D2989B1390044BA10 /* Build configuration list for PBXProject "BurritoBistro" */;
			compatibilityVersion = "Xcode 13.0";
			developmentRegion = en;
			hasScannedForEncodings = 0;
			knownRegions = (
				en,
				Base,
			);
			mainGroup = CBDB27192989B1390044BA10;
			packageReferences = (
				CB6E90432A3C0657008EF8EE /* XCRemoteSwiftPackageReference "firebase-ios-sdk" */,
				CB929D3E2AD8CEAB003736E7 /* XCRemoteSwiftPackageReference "aws-sdk-ios-spm" */,
			);
			productRefGroup = CBDB27232989B1390044BA10 /* Products */;
			projectDirPath = "";
			projectRoot = "";
			targets = (
				CBDB27212989B1390044BA10 /* BurritoBistro */,
				CBDB27312989B1390044BA10 /* BurritoBistroTests */,
				CBDB273B2989B1390044BA10 /* BurritoBistroUITests */,
			);
		};
/* End PBXProject section */

/* Begin PBXResourcesBuildPhase section */
		CBDB27202989B1390044BA10 /* Resources */ = {
			isa = PBXResourcesBuildPhase;
			buildActionMask = 2147483647;
			files = (
				CBDB272D2989B1390044BA10 /* Preview Assets.xcassets in Resources */,
				CB1455C82A5A944E00378EE4 /* GoogleService-Info.plist in Resources */,
				CBDB272A2989B1390044BA10 /* Assets.xcassets in Resources */,
			);
			runOnlyForDeploymentPostprocessing = 0;
		};
		CBDB27302989B1390044BA10 /* Resources */ = {
			isa = PBXResourcesBuildPhase;
			buildActionMask = 2147483647;
			files = (
				CB1455C92A5A944E00378EE4 /* GoogleService-Info.plist in Resources */,
			);
			runOnlyForDeploymentPostprocessing = 0;
		};
		CBDB273A2989B1390044BA10 /* Resources */ = {
			isa = PBXResourcesBuildPhase;
			buildActionMask = 2147483647;
			files = (
				CB1455CA2A5A944E00378EE4 /* GoogleService-Info.plist in Resources */,
			);
			runOnlyForDeploymentPostprocessing = 0;
		};
/* End PBXResourcesBuildPhase section */

/* Begin PBXShellScriptBuildPhase section */
		09093CBC8C6D681410809DD2 /* [CP] Embed Pods Frameworks */ = {
			isa = PBXShellScriptBuildPhase;
			buildActionMask = 2147483647;
			files = (
			);
			inputFileListPaths = (
				"${PODS_ROOT}/Target Support Files/Pods-BurritoBistro-BurritoBistroUITests/Pods-BurritoBistro-BurritoBistroUITests-frameworks-${CONFIGURATION}-input-files.xcfilelist",
			);
			name = "[CP] Embed Pods Frameworks";
			outputFileListPaths = (
				"${PODS_ROOT}/Target Support Files/Pods-BurritoBistro-BurritoBistroUITests/Pods-BurritoBistro-BurritoBistroUITests-frameworks-${CONFIGURATION}-output-files.xcfilelist",
			);
			runOnlyForDeploymentPostprocessing = 0;
			shellPath = /bin/sh;
			shellScript = "\"${PODS_ROOT}/Target Support Files/Pods-BurritoBistro-BurritoBistroUITests/Pods-BurritoBistro-BurritoBistroUITests-frameworks.sh\"\n";
			showEnvVarsInLog = 0;
		};
		4B7C1497768E65503AFF5C22 /* [CP] Check Pods Manifest.lock */ = {
			isa = PBXShellScriptBuildPhase;
			buildActionMask = 2147483647;
			files = (
			);
			inputFileListPaths = (
			);
			inputPaths = (
				"${PODS_PODFILE_DIR_PATH}/Podfile.lock",
				"${PODS_ROOT}/Manifest.lock",
			);
			name = "[CP] Check Pods Manifest.lock";
			outputFileListPaths = (
			);
			outputPaths = (
				"$(DERIVED_FILE_DIR)/Pods-BurritoBistro-BurritoBistroUITests-checkManifestLockResult.txt",
			);
			runOnlyForDeploymentPostprocessing = 0;
			shellPath = /bin/sh;
			shellScript = "diff \"${PODS_PODFILE_DIR_PATH}/Podfile.lock\" \"${PODS_ROOT}/Manifest.lock\" > /dev/null\nif [ $? != 0 ] ; then\n    # print error to STDERR\n    echo \"error: The sandbox is not in sync with the Podfile.lock. Run 'pod install' or update your CocoaPods installation.\" >&2\n    exit 1\nfi\n# This output is used by Xcode 'outputs' to avoid re-running this script phase.\necho \"SUCCESS\" > \"${SCRIPT_OUTPUT_FILE_0}\"\n";
			showEnvVarsInLog = 0;
		};
		73B4DD6D56EECB6C91E13E7B /* [CP] Check Pods Manifest.lock */ = {
			isa = PBXShellScriptBuildPhase;
			buildActionMask = 2147483647;
			files = (
			);
			inputFileListPaths = (
			);
			inputPaths = (
				"${PODS_PODFILE_DIR_PATH}/Podfile.lock",
				"${PODS_ROOT}/Manifest.lock",
			);
			name = "[CP] Check Pods Manifest.lock";
			outputFileListPaths = (
			);
			outputPaths = (
				"$(DERIVED_FILE_DIR)/Pods-BurritoBistro-checkManifestLockResult.txt",
			);
			runOnlyForDeploymentPostprocessing = 0;
			shellPath = /bin/sh;
			shellScript = "diff \"${PODS_PODFILE_DIR_PATH}/Podfile.lock\" \"${PODS_ROOT}/Manifest.lock\" > /dev/null\nif [ $? != 0 ] ; then\n    # print error to STDERR\n    echo \"error: The sandbox is not in sync with the Podfile.lock. Run 'pod install' or update your CocoaPods installation.\" >&2\n    exit 1\nfi\n# This output is used by Xcode 'outputs' to avoid re-running this script phase.\necho \"SUCCESS\" > \"${SCRIPT_OUTPUT_FILE_0}\"\n";
			showEnvVarsInLog = 0;
		};
		A1CD127D7D4ABBC61B248C2C /* [CP] Check Pods Manifest.lock */ = {
			isa = PBXShellScriptBuildPhase;
			buildActionMask = 2147483647;
			files = (
			);
			inputFileListPaths = (
			);
			inputPaths = (
				"${PODS_PODFILE_DIR_PATH}/Podfile.lock",
				"${PODS_ROOT}/Manifest.lock",
			);
			name = "[CP] Check Pods Manifest.lock";
			outputFileListPaths = (
			);
			outputPaths = (
				"$(DERIVED_FILE_DIR)/Pods-BurritoBistroTests-checkManifestLockResult.txt",
			);
			runOnlyForDeploymentPostprocessing = 0;
			shellPath = /bin/sh;
			shellScript = "diff \"${PODS_PODFILE_DIR_PATH}/Podfile.lock\" \"${PODS_ROOT}/Manifest.lock\" > /dev/null\nif [ $? != 0 ] ; then\n    # print error to STDERR\n    echo \"error: The sandbox is not in sync with the Podfile.lock. Run 'pod install' or update your CocoaPods installation.\" >&2\n    exit 1\nfi\n# This output is used by Xcode 'outputs' to avoid re-running this script phase.\necho \"SUCCESS\" > \"${SCRIPT_OUTPUT_FILE_0}\"\n";
			showEnvVarsInLog = 0;
		};
		E46586F5C375CF6ED08E46FA /* [CP] Embed Pods Frameworks */ = {
			isa = PBXShellScriptBuildPhase;
			buildActionMask = 2147483647;
			files = (
			);
			inputFileListPaths = (
				"${PODS_ROOT}/Target Support Files/Pods-BurritoBistro/Pods-BurritoBistro-frameworks-${CONFIGURATION}-input-files.xcfilelist",
			);
			name = "[CP] Embed Pods Frameworks";
			outputFileListPaths = (
				"${PODS_ROOT}/Target Support Files/Pods-BurritoBistro/Pods-BurritoBistro-frameworks-${CONFIGURATION}-output-files.xcfilelist",
			);
			runOnlyForDeploymentPostprocessing = 0;
			shellPath = /bin/sh;
			shellScript = "\"${PODS_ROOT}/Target Support Files/Pods-BurritoBistro/Pods-BurritoBistro-frameworks.sh\"\n";
			showEnvVarsInLog = 0;
		};
/* End PBXShellScriptBuildPhase section */

/* Begin PBXSourcesBuildPhase section */
		CBDB271E2989B1390044BA10 /* Sources */ = {
			isa = PBXSourcesBuildPhase;
			buildActionMask = 2147483647;
			files = (
				CBAEE0A12A76295C0091975E /* Stripe.swift in Sources */,
				CB2BA2A32A3D3AAE00CBAF22 /* CartModel.swift in Sources */,
				CBDB27282989B1390044BA10 /* SignUp.swift in Sources */,
				CB6E90782A3C3E66008EF8EE /* Profile.swift in Sources */,
				CB61C1862A1F0D140088607E /* CartView.swift in Sources */,
				CB9FAA192A186CD500E0CDFC /* MenuItems.swift in Sources */,
				CB6E90812A3C50D0008EF8EE /* Settings.swift in Sources */,
				CBA161A529C30377009699F8 /* SignIn.swift in Sources */,
				CB2BA2AB2A3ED35C00CBAF22 /* OrdersViewModel.swift in Sources */,
				CB1D680A2A6A43020018962E /* CookView.swift in Sources */,
				CBA161AA29C57FA4009699F8 /* HalfBubble.swift in Sources */,
				CB1D68102A6A500F0018962E /* CookDBSOrders.swift in Sources */,
				CB9FAA162A18541F00E0CDFC /* OffsetMod.swift in Sources */,
				CBCFAE0329A3101F00BD2B2A /* ConcaveConvexTop.swift in Sources */,
				CBA161A829C468ED009699F8 /* MainMenuView.swift in Sources */,
				CBCE3DDA2A47E77000C345E5 /* FetchOrderData.swift in Sources */,
				CB6E907C2A3C47E7008EF8EE /* MainFlow.swift in Sources */,
				CB2BA2A92A3ED35000CBAF22 /* OrdersModel.swift in Sources */,
				CB6E90742A3C34AA008EF8EE /* AuthManager.swift in Sources */,
				CBC8DC402A2ABA7700C28CA7 /* IngredientOptionsView.swift in Sources */,
				CBDB27262989B1390044BA10 /* BurritoBistroApp.swift in Sources */,
				CB2BA2AD2A3ED36600CBAF22 /* OrdersView.swift in Sources */,
			);
			runOnlyForDeploymentPostprocessing = 0;
		};
		CBDB272E2989B1390044BA10 /* Sources */ = {
			isa = PBXSourcesBuildPhase;
			buildActionMask = 2147483647;
			files = (
				CBDB27372989B1390044BA10 /* BurritoBistroTests.swift in Sources */,
				CB6E90792A3C3E66008EF8EE /* Profile.swift in Sources */,
				CBAEE0A22A76295C0091975E /* Stripe.swift in Sources */,
				CB6E907D2A3C47E7008EF8EE /* MainFlow.swift in Sources */,
				CB6E90752A3C34AA008EF8EE /* AuthManager.swift in Sources */,
				CB6E90822A3C50D0008EF8EE /* Settings.swift in Sources */,
			);
			runOnlyForDeploymentPostprocessing = 0;
		};
		CBDB27382989B1390044BA10 /* Sources */ = {
			isa = PBXSourcesBuildPhase;
			buildActionMask = 2147483647;
			files = (
				CBAEE0A32A76295C0091975E /* Stripe.swift in Sources */,
				CB6E90832A3C50D0008EF8EE /* Settings.swift in Sources */,
				CBDB27412989B1390044BA10 /* BurritoBistroUITests.swift in Sources */,
				CB6E907A2A3C3E66008EF8EE /* Profile.swift in Sources */,
				CB6E907E2A3C47E7008EF8EE /* MainFlow.swift in Sources */,
				CB6E90762A3C34AA008EF8EE /* AuthManager.swift in Sources */,
				CBDB27432989B1390044BA10 /* BurritoBistroUITestsLaunchTests.swift in Sources */,
			);
			runOnlyForDeploymentPostprocessing = 0;
		};
/* End PBXSourcesBuildPhase section */

/* Begin PBXTargetDependency section */
		CBDB27342989B1390044BA10 /* PBXTargetDependency */ = {
			isa = PBXTargetDependency;
			target = CBDB27212989B1390044BA10 /* BurritoBistro */;
			targetProxy = CBDB27332989B1390044BA10 /* PBXContainerItemProxy */;
		};
		CBDB273E2989B1390044BA10 /* PBXTargetDependency */ = {
			isa = PBXTargetDependency;
			target = CBDB27212989B1390044BA10 /* BurritoBistro */;
			targetProxy = CBDB273D2989B1390044BA10 /* PBXContainerItemProxy */;
		};
/* End PBXTargetDependency section */

/* Begin XCBuildConfiguration section */
		CBDB27442989B1390044BA10 /* Debug */ = {
			isa = XCBuildConfiguration;
			buildSettings = {
				ALWAYS_SEARCH_USER_PATHS = NO;
				CLANG_ANALYZER_NONNULL = YES;
				CLANG_ANALYZER_NUMBER_OBJECT_CONVERSION = YES_AGGRESSIVE;
				CLANG_CXX_LANGUAGE_STANDARD = "gnu++17";
				CLANG_ENABLE_MODULES = YES;
				CLANG_ENABLE_OBJC_ARC = YES;
				CLANG_ENABLE_OBJC_WEAK = YES;
				CLANG_WARN_BLOCK_CAPTURE_AUTORELEASING = YES;
				CLANG_WARN_BOOL_CONVERSION = YES;
				CLANG_WARN_COMMA = YES;
				CLANG_WARN_CONSTANT_CONVERSION = YES;
				CLANG_WARN_DEPRECATED_OBJC_IMPLEMENTATIONS = YES;
				CLANG_WARN_DIRECT_OBJC_ISA_USAGE = YES_ERROR;
				CLANG_WARN_DOCUMENTATION_COMMENTS = YES;
				CLANG_WARN_EMPTY_BODY = YES;
				CLANG_WARN_ENUM_CONVERSION = YES;
				CLANG_WARN_INFINITE_RECURSION = YES;
				CLANG_WARN_INT_CONVERSION = YES;
				CLANG_WARN_NON_LITERAL_NULL_CONVERSION = YES;
				CLANG_WARN_OBJC_IMPLICIT_RETAIN_SELF = YES;
				CLANG_WARN_OBJC_LITERAL_CONVERSION = YES;
				CLANG_WARN_OBJC_ROOT_CLASS = YES_ERROR;
				CLANG_WARN_QUOTED_INCLUDE_IN_FRAMEWORK_HEADER = YES;
				CLANG_WARN_RANGE_LOOP_ANALYSIS = YES;
				CLANG_WARN_STRICT_PROTOTYPES = YES;
				CLANG_WARN_SUSPICIOUS_MOVE = YES;
				CLANG_WARN_UNGUARDED_AVAILABILITY = YES_AGGRESSIVE;
				CLANG_WARN_UNREACHABLE_CODE = YES;
				CLANG_WARN__DUPLICATE_METHOD_MATCH = YES;
				COPY_PHASE_STRIP = NO;
				DEBUG_INFORMATION_FORMAT = dwarf;
				ENABLE_STRICT_OBJC_MSGSEND = YES;
				ENABLE_TESTABILITY = YES;
				GCC_C_LANGUAGE_STANDARD = gnu11;
				GCC_DYNAMIC_NO_PIC = NO;
				GCC_NO_COMMON_BLOCKS = YES;
				GCC_OPTIMIZATION_LEVEL = 0;
				GCC_PREPROCESSOR_DEFINITIONS = (
					"DEBUG=1",
					"$(inherited)",
				);
				GCC_WARN_64_TO_32_BIT_CONVERSION = YES;
				GCC_WARN_ABOUT_RETURN_TYPE = YES_ERROR;
				GCC_WARN_UNDECLARED_SELECTOR = YES;
				GCC_WARN_UNINITIALIZED_AUTOS = YES_AGGRESSIVE;
				GCC_WARN_UNUSED_FUNCTION = YES;
				GCC_WARN_UNUSED_VARIABLE = YES;
				IPHONEOS_DEPLOYMENT_TARGET = 15.0;
				MTL_ENABLE_DEBUG_INFO = INCLUDE_SOURCE;
				MTL_FAST_MATH = YES;
				ONLY_ACTIVE_ARCH = YES;
				SDKROOT = iphoneos;
				SWIFT_ACTIVE_COMPILATION_CONDITIONS = DEBUG;
				SWIFT_OPTIMIZATION_LEVEL = "-Onone";
			};
			name = Debug;
		};
		CBDB27452989B1390044BA10 /* Release */ = {
			isa = XCBuildConfiguration;
			buildSettings = {
				ALWAYS_SEARCH_USER_PATHS = NO;
				CLANG_ANALYZER_NONNULL = YES;
				CLANG_ANALYZER_NUMBER_OBJECT_CONVERSION = YES_AGGRESSIVE;
				CLANG_CXX_LANGUAGE_STANDARD = "gnu++17";
				CLANG_ENABLE_MODULES = YES;
				CLANG_ENABLE_OBJC_ARC = YES;
				CLANG_ENABLE_OBJC_WEAK = YES;
				CLANG_WARN_BLOCK_CAPTURE_AUTORELEASING = YES;
				CLANG_WARN_BOOL_CONVERSION = YES;
				CLANG_WARN_COMMA = YES;
				CLANG_WARN_CONSTANT_CONVERSION = YES;
				CLANG_WARN_DEPRECATED_OBJC_IMPLEMENTATIONS = YES;
				CLANG_WARN_DIRECT_OBJC_ISA_USAGE = YES_ERROR;
				CLANG_WARN_DOCUMENTATION_COMMENTS = YES;
				CLANG_WARN_EMPTY_BODY = YES;
				CLANG_WARN_ENUM_CONVERSION = YES;
				CLANG_WARN_INFINITE_RECURSION = YES;
				CLANG_WARN_INT_CONVERSION = YES;
				CLANG_WARN_NON_LITERAL_NULL_CONVERSION = YES;
				CLANG_WARN_OBJC_IMPLICIT_RETAIN_SELF = YES;
				CLANG_WARN_OBJC_LITERAL_CONVERSION = YES;
				CLANG_WARN_OBJC_ROOT_CLASS = YES_ERROR;
				CLANG_WARN_QUOTED_INCLUDE_IN_FRAMEWORK_HEADER = YES;
				CLANG_WARN_RANGE_LOOP_ANALYSIS = YES;
				CLANG_WARN_STRICT_PROTOTYPES = YES;
				CLANG_WARN_SUSPICIOUS_MOVE = YES;
				CLANG_WARN_UNGUARDED_AVAILABILITY = YES_AGGRESSIVE;
				CLANG_WARN_UNREACHABLE_CODE = YES;
				CLANG_WARN__DUPLICATE_METHOD_MATCH = YES;
				COPY_PHASE_STRIP = NO;
				DEBUG_INFORMATION_FORMAT = "dwarf-with-dsym";
				ENABLE_NS_ASSERTIONS = NO;
				ENABLE_STRICT_OBJC_MSGSEND = YES;
				GCC_C_LANGUAGE_STANDARD = gnu11;
				GCC_NO_COMMON_BLOCKS = YES;
				GCC_WARN_64_TO_32_BIT_CONVERSION = YES;
				GCC_WARN_ABOUT_RETURN_TYPE = YES_ERROR;
				GCC_WARN_UNDECLARED_SELECTOR = YES;
				GCC_WARN_UNINITIALIZED_AUTOS = YES_AGGRESSIVE;
				GCC_WARN_UNUSED_FUNCTION = YES;
				GCC_WARN_UNUSED_VARIABLE = YES;
				IPHONEOS_DEPLOYMENT_TARGET = 15.0;
				MTL_ENABLE_DEBUG_INFO = NO;
				MTL_FAST_MATH = YES;
				SDKROOT = iphoneos;
				SWIFT_COMPILATION_MODE = wholemodule;
				SWIFT_OPTIMIZATION_LEVEL = "-O";
				VALIDATE_PRODUCT = YES;
			};
			name = Release;
		};
		CBDB27472989B1390044BA10 /* Debug */ = {
			isa = XCBuildConfiguration;
			baseConfigurationReference = 361991900C862F545DEBC3DA /* Pods-BurritoBistro.debug.xcconfig */;
			buildSettings = {
				ASSETCATALOG_COMPILER_APPICON_NAME = AppIcon;
				ASSETCATALOG_COMPILER_GLOBAL_ACCENT_COLOR_NAME = AccentColor;
				CODE_SIGN_STYLE = Automatic;
				CURRENT_PROJECT_VERSION = 1;
				DEVELOPMENT_ASSET_PATHS = "\"BurritoBistro/Preview Content\"";
				DEVELOPMENT_TEAM = 4H7C7Q6529;
				ENABLE_PREVIEWS = YES;
				GENERATE_INFOPLIST_FILE = YES;
				INFOPLIST_KEY_UIApplicationSceneManifest_Generation = YES;
				INFOPLIST_KEY_UIApplicationSupportsIndirectInputEvents = YES;
				INFOPLIST_KEY_UILaunchScreen_Generation = YES;
				INFOPLIST_KEY_UISupportedInterfaceOrientations_iPad = "UIInterfaceOrientationPortrait UIInterfaceOrientationPortraitUpsideDown UIInterfaceOrientationLandscapeLeft UIInterfaceOrientationLandscapeRight";
				INFOPLIST_KEY_UISupportedInterfaceOrientations_iPhone = "UIInterfaceOrientationPortrait UIInterfaceOrientationLandscapeLeft UIInterfaceOrientationLandscapeRight";
				IPHONEOS_DEPLOYMENT_TARGET = 15.0;
				LD_RUNPATH_SEARCH_PATHS = (
					"$(inherited)",
					"@executable_path/Frameworks",
				);
				MARKETING_VERSION = 1.0;
				PRODUCT_BUNDLE_IDENTIFIER = com.Bernardos.Bernardos;
				PRODUCT_NAME = "$(TARGET_NAME)";
				SWIFT_EMIT_LOC_STRINGS = YES;
				SWIFT_VERSION = 5.0;
				TARGETED_DEVICE_FAMILY = "1,2";
			};
			name = Debug;
		};
		CBDB27482989B1390044BA10 /* Release */ = {
			isa = XCBuildConfiguration;
			baseConfigurationReference = C3B3BB5060285CC2C66688FB /* Pods-BurritoBistro.release.xcconfig */;
			buildSettings = {
				ASSETCATALOG_COMPILER_APPICON_NAME = AppIcon;
				ASSETCATALOG_COMPILER_GLOBAL_ACCENT_COLOR_NAME = AccentColor;
				CODE_SIGN_STYLE = Automatic;
				CURRENT_PROJECT_VERSION = 1;
				DEVELOPMENT_ASSET_PATHS = "\"BurritoBistro/Preview Content\"";
				DEVELOPMENT_TEAM = 4H7C7Q6529;
				ENABLE_PREVIEWS = YES;
				GENERATE_INFOPLIST_FILE = YES;
				INFOPLIST_KEY_UIApplicationSceneManifest_Generation = YES;
				INFOPLIST_KEY_UIApplicationSupportsIndirectInputEvents = YES;
				INFOPLIST_KEY_UILaunchScreen_Generation = YES;
				INFOPLIST_KEY_UISupportedInterfaceOrientations_iPad = "UIInterfaceOrientationPortrait UIInterfaceOrientationPortraitUpsideDown UIInterfaceOrientationLandscapeLeft UIInterfaceOrientationLandscapeRight";
				INFOPLIST_KEY_UISupportedInterfaceOrientations_iPhone = "UIInterfaceOrientationPortrait UIInterfaceOrientationLandscapeLeft UIInterfaceOrientationLandscapeRight";
				IPHONEOS_DEPLOYMENT_TARGET = 15.0;
				LD_RUNPATH_SEARCH_PATHS = (
					"$(inherited)",
					"@executable_path/Frameworks",
				);
				MARKETING_VERSION = 1.0;
				PRODUCT_BUNDLE_IDENTIFIER = com.Bernardos.Bernardos;
				PRODUCT_NAME = "$(TARGET_NAME)";
				SWIFT_EMIT_LOC_STRINGS = YES;
				SWIFT_VERSION = 5.0;
				TARGETED_DEVICE_FAMILY = "1,2";
			};
			name = Release;
		};
		CBDB274A2989B1390044BA10 /* Debug */ = {
			isa = XCBuildConfiguration;
			baseConfigurationReference = 86ECD083B0C3C4B46031C858 /* Pods-BurritoBistroTests.debug.xcconfig */;
			buildSettings = {
				ALWAYS_EMBED_SWIFT_STANDARD_LIBRARIES = YES;
				BUNDLE_LOADER = "$(TEST_HOST)";
				CODE_SIGN_STYLE = Automatic;
				CURRENT_PROJECT_VERSION = 1;
				DEVELOPMENT_TEAM = 4H7C7Q6529;
				GENERATE_INFOPLIST_FILE = YES;
				IPHONEOS_DEPLOYMENT_TARGET = 15.5;
				MARKETING_VERSION = 1.0;
				PRODUCT_BUNDLE_IDENTIFIER = com.TheGlobalJournal.JournalU.BurritoBistroTests;
				PRODUCT_NAME = "$(TARGET_NAME)";
				SWIFT_EMIT_LOC_STRINGS = NO;
				SWIFT_VERSION = 5.0;
				TARGETED_DEVICE_FAMILY = "1,2";
				TEST_HOST = "$(BUILT_PRODUCTS_DIR)/BurritoBistro.app/BurritoBistro";
			};
			name = Debug;
		};
		CBDB274B2989B1390044BA10 /* Release */ = {
			isa = XCBuildConfiguration;
			baseConfigurationReference = 23D5FB0F4E5BE6687421B4CE /* Pods-BurritoBistroTests.release.xcconfig */;
			buildSettings = {
				ALWAYS_EMBED_SWIFT_STANDARD_LIBRARIES = YES;
				BUNDLE_LOADER = "$(TEST_HOST)";
				CODE_SIGN_STYLE = Automatic;
				CURRENT_PROJECT_VERSION = 1;
				DEVELOPMENT_TEAM = 4H7C7Q6529;
				GENERATE_INFOPLIST_FILE = YES;
				IPHONEOS_DEPLOYMENT_TARGET = 15.5;
				MARKETING_VERSION = 1.0;
				PRODUCT_BUNDLE_IDENTIFIER = com.TheGlobalJournal.JournalU.BurritoBistroTests;
				PRODUCT_NAME = "$(TARGET_NAME)";
				SWIFT_EMIT_LOC_STRINGS = NO;
				SWIFT_VERSION = 5.0;
				TARGETED_DEVICE_FAMILY = "1,2";
				TEST_HOST = "$(BUILT_PRODUCTS_DIR)/BurritoBistro.app/BurritoBistro";
			};
			name = Release;
		};
		CBDB274D2989B1390044BA10 /* Debug */ = {
			isa = XCBuildConfiguration;
			baseConfigurationReference = 32C61F6C26D4A01339DB11BC /* Pods-BurritoBistro-BurritoBistroUITests.debug.xcconfig */;
			buildSettings = {
				ALWAYS_EMBED_SWIFT_STANDARD_LIBRARIES = YES;
				CODE_SIGN_STYLE = Automatic;
				CURRENT_PROJECT_VERSION = 1;
				DEVELOPMENT_TEAM = 4H7C7Q6529;
				GENERATE_INFOPLIST_FILE = YES;
				MARKETING_VERSION = 1.0;
				PRODUCT_BUNDLE_IDENTIFIER = com.TheGlobalJournal.JournalU.BurritoBistroUITests;
				PRODUCT_NAME = "$(TARGET_NAME)";
				SWIFT_EMIT_LOC_STRINGS = NO;
				SWIFT_VERSION = 5.0;
				TARGETED_DEVICE_FAMILY = "1,2";
				TEST_TARGET_NAME = BurritoBistro;
			};
			name = Debug;
		};
		CBDB274E2989B1390044BA10 /* Release */ = {
			isa = XCBuildConfiguration;
			baseConfigurationReference = 8B1498237BD94E48D054F806 /* Pods-BurritoBistro-BurritoBistroUITests.release.xcconfig */;
			buildSettings = {
				ALWAYS_EMBED_SWIFT_STANDARD_LIBRARIES = YES;
				CODE_SIGN_STYLE = Automatic;
				CURRENT_PROJECT_VERSION = 1;
				DEVELOPMENT_TEAM = 4H7C7Q6529;
				GENERATE_INFOPLIST_FILE = YES;
				MARKETING_VERSION = 1.0;
				PRODUCT_BUNDLE_IDENTIFIER = com.TheGlobalJournal.JournalU.BurritoBistroUITests;
				PRODUCT_NAME = "$(TARGET_NAME)";
				SWIFT_EMIT_LOC_STRINGS = NO;
				SWIFT_VERSION = 5.0;
				TARGETED_DEVICE_FAMILY = "1,2";
				TEST_TARGET_NAME = BurritoBistro;
			};
			name = Release;
		};
/* End XCBuildConfiguration section */

/* Begin XCConfigurationList section */
		CBDB271D2989B1390044BA10 /* Build configuration list for PBXProject "BurritoBistro" */ = {
			isa = XCConfigurationList;
			buildConfigurations = (
				CBDB27442989B1390044BA10 /* Debug */,
				CBDB27452989B1390044BA10 /* Release */,
			);
			defaultConfigurationIsVisible = 0;
			defaultConfigurationName = Release;
		};
		CBDB27462989B1390044BA10 /* Build configuration list for PBXNativeTarget "BurritoBistro" */ = {
			isa = XCConfigurationList;
			buildConfigurations = (
				CBDB27472989B1390044BA10 /* Debug */,
				CBDB27482989B1390044BA10 /* Release */,
			);
			defaultConfigurationIsVisible = 0;
			defaultConfigurationName = Release;
		};
		CBDB27492989B1390044BA10 /* Build configuration list for PBXNativeTarget "BurritoBistroTests" */ = {
			isa = XCConfigurationList;
			buildConfigurations = (
				CBDB274A2989B1390044BA10 /* Debug */,
				CBDB274B2989B1390044BA10 /* Release */,
			);
			defaultConfigurationIsVisible = 0;
			defaultConfigurationName = Release;
		};
		CBDB274C2989B1390044BA10 /* Build configuration list for PBXNativeTarget "BurritoBistroUITests" */ = {
			isa = XCConfigurationList;
			buildConfigurations = (
				CBDB274D2989B1390044BA10 /* Debug */,
				CBDB274E2989B1390044BA10 /* Release */,
			);
			defaultConfigurationIsVisible = 0;
			defaultConfigurationName = Release;
		};
/* End XCConfigurationList section */

/* Begin XCRemoteSwiftPackageReference section */
		CB6E90432A3C0657008EF8EE /* XCRemoteSwiftPackageReference "firebase-ios-sdk" */ = {
			isa = XCRemoteSwiftPackageReference;
			repositoryURL = "https://github.com/firebase/firebase-ios-sdk";
			requirement = {
				kind = upToNextMajorVersion;
				minimumVersion = 10.0.0;
			};
		};
		CB929D3E2AD8CEAB003736E7 /* XCRemoteSwiftPackageReference "aws-sdk-ios-spm" */ = {
			isa = XCRemoteSwiftPackageReference;
			repositoryURL = "https://github.com/aws-amplify/aws-sdk-ios-spm";
			requirement = {
				kind = upToNextMajorVersion;
				minimumVersion = 2.33.4;
			};
		};
/* End XCRemoteSwiftPackageReference section */

/* Begin XCSwiftPackageProductDependency section */
		CB6E90442A3C0657008EF8EE /* FirebaseAnalyticsWithoutAdIdSupport */ = {
			isa = XCSwiftPackageProductDependency;
			package = CB6E90432A3C0657008EF8EE /* XCRemoteSwiftPackageReference "firebase-ios-sdk" */;
			productName = FirebaseAnalyticsWithoutAdIdSupport;
		};
		CB6E90462A3C0657008EF8EE /* FirebaseAppCheck */ = {
			isa = XCSwiftPackageProductDependency;
			package = CB6E90432A3C0657008EF8EE /* XCRemoteSwiftPackageReference "firebase-ios-sdk" */;
			productName = FirebaseAppCheck;
		};
		CB6E90482A3C0657008EF8EE /* FirebaseAuth */ = {
			isa = XCSwiftPackageProductDependency;
			package = CB6E90432A3C0657008EF8EE /* XCRemoteSwiftPackageReference "firebase-ios-sdk" */;
			productName = FirebaseAuth;
		};
		CB6E904A2A3C0657008EF8EE /* FirebaseAuthCombine-Community */ = {
			isa = XCSwiftPackageProductDependency;
			package = CB6E90432A3C0657008EF8EE /* XCRemoteSwiftPackageReference "firebase-ios-sdk" */;
			productName = "FirebaseAuthCombine-Community";
		};
		CB6E904C2A3C0657008EF8EE /* FirebaseCrashlytics */ = {
			isa = XCSwiftPackageProductDependency;
			package = CB6E90432A3C0657008EF8EE /* XCRemoteSwiftPackageReference "firebase-ios-sdk" */;
			productName = FirebaseCrashlytics;
		};
		CB6E904E2A3C0657008EF8EE /* FirebaseDatabase */ = {
			isa = XCSwiftPackageProductDependency;
			package = CB6E90432A3C0657008EF8EE /* XCRemoteSwiftPackageReference "firebase-ios-sdk" */;
			productName = FirebaseDatabase;
		};
		CB6E90502A3C0657008EF8EE /* FirebaseDatabaseSwift */ = {
			isa = XCSwiftPackageProductDependency;
			package = CB6E90432A3C0657008EF8EE /* XCRemoteSwiftPackageReference "firebase-ios-sdk" */;
			productName = FirebaseDatabaseSwift;
		};
		CB6E90522A3C0657008EF8EE /* FirebaseDynamicLinks */ = {
			isa = XCSwiftPackageProductDependency;
			package = CB6E90432A3C0657008EF8EE /* XCRemoteSwiftPackageReference "firebase-ios-sdk" */;
			productName = FirebaseDynamicLinks;
		};
		CB6E90542A3C0657008EF8EE /* FirebaseFunctions */ = {
			isa = XCSwiftPackageProductDependency;
			package = CB6E90432A3C0657008EF8EE /* XCRemoteSwiftPackageReference "firebase-ios-sdk" */;
			productName = FirebaseFunctions;
		};
		CB6E90562A3C0657008EF8EE /* FirebaseFunctionsCombine-Community */ = {
			isa = XCSwiftPackageProductDependency;
			package = CB6E90432A3C0657008EF8EE /* XCRemoteSwiftPackageReference "firebase-ios-sdk" */;
			productName = "FirebaseFunctionsCombine-Community";
		};
		CB6E90582A3C0657008EF8EE /* FirebaseInAppMessaging-Beta */ = {
			isa = XCSwiftPackageProductDependency;
			package = CB6E90432A3C0657008EF8EE /* XCRemoteSwiftPackageReference "firebase-ios-sdk" */;
			productName = "FirebaseInAppMessaging-Beta";
		};
		CB6E905A2A3C0657008EF8EE /* FirebaseInAppMessagingSwift-Beta */ = {
			isa = XCSwiftPackageProductDependency;
			package = CB6E90432A3C0657008EF8EE /* XCRemoteSwiftPackageReference "firebase-ios-sdk" */;
			productName = "FirebaseInAppMessagingSwift-Beta";
		};
		CB6E905C2A3C0657008EF8EE /* FirebaseInstallations */ = {
			isa = XCSwiftPackageProductDependency;
			package = CB6E90432A3C0657008EF8EE /* XCRemoteSwiftPackageReference "firebase-ios-sdk" */;
			productName = FirebaseInstallations;
		};
		CB6E905E2A3C0657008EF8EE /* FirebaseMLModelDownloader */ = {
			isa = XCSwiftPackageProductDependency;
			package = CB6E90432A3C0657008EF8EE /* XCRemoteSwiftPackageReference "firebase-ios-sdk" */;
			productName = FirebaseMLModelDownloader;
		};
		CB6E90602A3C0657008EF8EE /* FirebaseMessaging */ = {
			isa = XCSwiftPackageProductDependency;
			package = CB6E90432A3C0657008EF8EE /* XCRemoteSwiftPackageReference "firebase-ios-sdk" */;
			productName = FirebaseMessaging;
		};
		CB6E90622A3C0657008EF8EE /* FirebasePerformance */ = {
			isa = XCSwiftPackageProductDependency;
			package = CB6E90432A3C0657008EF8EE /* XCRemoteSwiftPackageReference "firebase-ios-sdk" */;
			productName = FirebasePerformance;
		};
		CB6E90642A3C0657008EF8EE /* FirebaseRemoteConfig */ = {
			isa = XCSwiftPackageProductDependency;
			package = CB6E90432A3C0657008EF8EE /* XCRemoteSwiftPackageReference "firebase-ios-sdk" */;
			productName = FirebaseRemoteConfig;
		};
		CB6E90662A3C0657008EF8EE /* FirebaseRemoteConfigSwift */ = {
			isa = XCSwiftPackageProductDependency;
			package = CB6E90432A3C0657008EF8EE /* XCRemoteSwiftPackageReference "firebase-ios-sdk" */;
			productName = FirebaseRemoteConfigSwift;
		};
		CB6E90682A3C0657008EF8EE /* FirebaseStorage */ = {
			isa = XCSwiftPackageProductDependency;
			package = CB6E90432A3C0657008EF8EE /* XCRemoteSwiftPackageReference "firebase-ios-sdk" */;
			productName = FirebaseStorage;
		};
		CB6E906A2A3C0657008EF8EE /* FirebaseStorageCombine-Community */ = {
			isa = XCSwiftPackageProductDependency;
			package = CB6E90432A3C0657008EF8EE /* XCRemoteSwiftPackageReference "firebase-ios-sdk" */;
			productName = "FirebaseStorageCombine-Community";
		};
		CB6E906D2A3C2D08008EF8EE /* FirebaseFirestore */ = {
			isa = XCSwiftPackageProductDependency;
			package = CB6E90432A3C0657008EF8EE /* XCRemoteSwiftPackageReference "firebase-ios-sdk" */;
			productName = FirebaseFirestore;
		};
		CB6E906F2A3C2D08008EF8EE /* FirebaseFirestoreCombine-Community */ = {
			isa = XCSwiftPackageProductDependency;
			package = CB6E90432A3C0657008EF8EE /* XCRemoteSwiftPackageReference "firebase-ios-sdk" */;
			productName = "FirebaseFirestoreCombine-Community";
		};
		CB6E90712A3C2D09008EF8EE /* FirebaseFirestoreSwift */ = {
			isa = XCSwiftPackageProductDependency;
			package = CB6E90432A3C0657008EF8EE /* XCRemoteSwiftPackageReference "firebase-ios-sdk" */;
			productName = FirebaseFirestoreSwift;
		};
		CB929D3F2AD8CEAB003736E7 /* AWSLambda */ = {
			isa = XCSwiftPackageProductDependency;
			package = CB929D3E2AD8CEAB003736E7 /* XCRemoteSwiftPackageReference "aws-sdk-ios-spm" */;
			productName = AWSLambda;
		};
/* End XCSwiftPackageProductDependency section */
	};
	rootObject = CBDB271A2989B1390044BA10 /* Project object */;
}
